// !$*UTF8*$!
{
	archiveVersion = 1;
	classes = {
	};
	objectVersion = 50;
	objects = {

/* Begin PBXBuildFile section */
		81155FC723A70A5E00B5D7E6 /* Matrix.swift in Sources */ = {isa = PBXBuildFile; fileRef = 81155FC623A70A5E00B5D7E6 /* Matrix.swift */; };
		81155FC923A70A6700B5D7E6 /* Vector.swift in Sources */ = {isa = PBXBuildFile; fileRef = 81155FC823A70A6700B5D7E6 /* Vector.swift */; };
		8169857623A31CDE002F6CC6 /* AppDelegate.swift in Sources */ = {isa = PBXBuildFile; fileRef = 8169857523A31CDE002F6CC6 /* AppDelegate.swift */; };
		8169857823A31CDE002F6CC6 /* SceneDelegate.swift in Sources */ = {isa = PBXBuildFile; fileRef = 8169857723A31CDE002F6CC6 /* SceneDelegate.swift */; };
		8169857A23A31CDE002F6CC6 /* ViewController.swift in Sources */ = {isa = PBXBuildFile; fileRef = 8169857923A31CDE002F6CC6 /* ViewController.swift */; };
		8169857D23A31CDE002F6CC6 /* Main.storyboard in Resources */ = {isa = PBXBuildFile; fileRef = 8169857B23A31CDE002F6CC6 /* Main.storyboard */; };
		8169858023A31CDE002F6CC6 /* ChemicalEquationBalancerApp.xcdatamodeld in Sources */ = {isa = PBXBuildFile; fileRef = 8169857E23A31CDE002F6CC6 /* ChemicalEquationBalancerApp.xcdatamodeld */; };
		8169858223A31CDE002F6CC6 /* Assets.xcassets in Resources */ = {isa = PBXBuildFile; fileRef = 8169858123A31CDE002F6CC6 /* Assets.xcassets */; };
		8169858523A31CDE002F6CC6 /* LaunchScreen.storyboard in Resources */ = {isa = PBXBuildFile; fileRef = 8169858323A31CDE002F6CC6 /* LaunchScreen.storyboard */; };
		8169859023A31CDF002F6CC6 /* ChemicalEquationBalancerAppTests.swift in Sources */ = {isa = PBXBuildFile; fileRef = 8169858F23A31CDF002F6CC6 /* ChemicalEquationBalancerAppTests.swift */; };
		81DD042023C809DF00B7EDBB /* ImageProcessorResponseModels.swift in Sources */ = {isa = PBXBuildFile; fileRef = 81DD041F23C809DF00B7EDBB /* ImageProcessorResponseModels.swift */; };
		81E521D823A8574000661CDC /* NetworkRequest.swift in Sources */ = {isa = PBXBuildFile; fileRef = 81E521D723A8574000661CDC /* NetworkRequest.swift */; };
		81E521DB23A8575200661CDC /* ImageProcessorRequestModels.swift in Sources */ = {isa = PBXBuildFile; fileRef = 81E521DA23A8575200661CDC /* ImageProcessorRequestModels.swift */; };
		81E521DD23A8575F00661CDC /* Resources.swift in Sources */ = {isa = PBXBuildFile; fileRef = 81E521DC23A8575F00661CDC /* Resources.swift */; };
		81E521DF23A8821D00661CDC /* ApiRequest.swift in Sources */ = {isa = PBXBuildFile; fileRef = 81E521DE23A8821D00661CDC /* ApiRequest.swift */; };
		81E521E123A9600300661CDC /* FrameExtractor.swift in Sources */ = {isa = PBXBuildFile; fileRef = 81E521E023A9600300661CDC /* FrameExtractor.swift */; };
/* End PBXBuildFile section */

/* Begin PBXContainerItemProxy section */
		8169858C23A31CDF002F6CC6 /* PBXContainerItemProxy */ = {
			isa = PBXContainerItemProxy;
			containerPortal = 8169856A23A31CDE002F6CC6 /* Project object */;
			proxyType = 1;
			remoteGlobalIDString = 8169857123A31CDE002F6CC6;
			remoteInfo = ChemicalEquationBalancerApp;
		};
/* End PBXContainerItemProxy section */

/* Begin PBXFileReference section */
		81155FC623A70A5E00B5D7E6 /* Matrix.swift */ = {isa = PBXFileReference; lastKnownFileType = sourcecode.swift; path = Matrix.swift; sourceTree = "<group>"; };
		81155FC823A70A6700B5D7E6 /* Vector.swift */ = {isa = PBXFileReference; lastKnownFileType = sourcecode.swift; path = Vector.swift; sourceTree = "<group>"; };
		8169857223A31CDE002F6CC6 /* ChemicalEquationBalancerApp.app */ = {isa = PBXFileReference; explicitFileType = wrapper.application; includeInIndex = 0; path = ChemicalEquationBalancerApp.app; sourceTree = BUILT_PRODUCTS_DIR; };
		8169857523A31CDE002F6CC6 /* AppDelegate.swift */ = {isa = PBXFileReference; lastKnownFileType = sourcecode.swift; path = AppDelegate.swift; sourceTree = "<group>"; };
		8169857723A31CDE002F6CC6 /* SceneDelegate.swift */ = {isa = PBXFileReference; lastKnownFileType = sourcecode.swift; path = SceneDelegate.swift; sourceTree = "<group>"; };
		8169857923A31CDE002F6CC6 /* ViewController.swift */ = {isa = PBXFileReference; lastKnownFileType = sourcecode.swift; path = ViewController.swift; sourceTree = "<group>"; };
		8169857C23A31CDE002F6CC6 /* Base */ = {isa = PBXFileReference; lastKnownFileType = file.storyboard; name = Base; path = Base.lproj/Main.storyboard; sourceTree = "<group>"; };
		8169857F23A31CDE002F6CC6 /* ChemicalEquationBalancerApp.xcdatamodel */ = {isa = PBXFileReference; lastKnownFileType = wrapper.xcdatamodel; path = ChemicalEquationBalancerApp.xcdatamodel; sourceTree = "<group>"; };
		8169858123A31CDE002F6CC6 /* Assets.xcassets */ = {isa = PBXFileReference; lastKnownFileType = folder.assetcatalog; path = Assets.xcassets; sourceTree = "<group>"; };
		8169858423A31CDE002F6CC6 /* Base */ = {isa = PBXFileReference; lastKnownFileType = file.storyboard; name = Base; path = Base.lproj/LaunchScreen.storyboard; sourceTree = "<group>"; };
		8169858623A31CDE002F6CC6 /* Info.plist */ = {isa = PBXFileReference; lastKnownFileType = text.plist.xml; path = Info.plist; sourceTree = "<group>"; };
		8169858B23A31CDF002F6CC6 /* ChemicalEquationBalancerAppTests.xctest */ = {isa = PBXFileReference; explicitFileType = wrapper.cfbundle; includeInIndex = 0; path = ChemicalEquationBalancerAppTests.xctest; sourceTree = BUILT_PRODUCTS_DIR; };
		8169858F23A31CDF002F6CC6 /* ChemicalEquationBalancerAppTests.swift */ = {isa = PBXFileReference; lastKnownFileType = sourcecode.swift; path = ChemicalEquationBalancerAppTests.swift; sourceTree = "<group>"; };
		8169859123A31CDF002F6CC6 /* Info.plist */ = {isa = PBXFileReference; lastKnownFileType = text.plist.xml; path = Info.plist; sourceTree = "<group>"; };
		81DD041F23C809DF00B7EDBB /* ImageProcessorResponseModels.swift */ = {isa = PBXFileReference; lastKnownFileType = sourcecode.swift; path = ImageProcessorResponseModels.swift; sourceTree = "<group>"; };
		81E521D723A8574000661CDC /* NetworkRequest.swift */ = {isa = PBXFileReference; lastKnownFileType = sourcecode.swift; path = NetworkRequest.swift; sourceTree = "<group>"; };
		81E521DA23A8575200661CDC /* ImageProcessorRequestModels.swift */ = {isa = PBXFileReference; lastKnownFileType = sourcecode.swift; path = ImageProcessorRequestModels.swift; sourceTree = "<group>"; };
		81E521DC23A8575F00661CDC /* Resources.swift */ = {isa = PBXFileReference; lastKnownFileType = sourcecode.swift; path = Resources.swift; sourceTree = "<group>"; };
		81E521DE23A8821D00661CDC /* ApiRequest.swift */ = {isa = PBXFileReference; lastKnownFileType = sourcecode.swift; path = ApiRequest.swift; sourceTree = "<group>"; };
		81E521E023A9600300661CDC /* FrameExtractor.swift */ = {isa = PBXFileReference; lastKnownFileType = sourcecode.swift; path = FrameExtractor.swift; sourceTree = "<group>"; };
/* End PBXFileReference section */

/* Begin PBXFrameworksBuildPhase section */
		8169856F23A31CDE002F6CC6 /* Frameworks */ = {
			isa = PBXFrameworksBuildPhase;
			buildActionMask = 2147483647;
			files = (
			);
			runOnlyForDeploymentPostprocessing = 0;
		};
		8169858823A31CDF002F6CC6 /* Frameworks */ = {
			isa = PBXFrameworksBuildPhase;
			buildActionMask = 2147483647;
			files = (
			);
			runOnlyForDeploymentPostprocessing = 0;
		};
/* End PBXFrameworksBuildPhase section */

/* Begin PBXGroup section */
		81155FCA23A70D9F00B5D7E6 /* HttpNetworking */ = {
			isa = PBXGroup;
			children = (
				81E521D723A8574000661CDC /* NetworkRequest.swift */,
				81E521DC23A8575F00661CDC /* Resources.swift */,
				81E521DE23A8821D00661CDC /* ApiRequest.swift */,
			);
			path = HttpNetworking;
			sourceTree = "<group>";
		};
		814F733C23C80DEA00956236 /* Models */ = {
			isa = PBXGroup;
			children = (
				81E521DA23A8575200661CDC /* ImageProcessorRequestModels.swift */,
				81DD041F23C809DF00B7EDBB /* ImageProcessorResponseModels.swift */,
			);
			path = Models;
			sourceTree = "<group>";
		};
		8169856923A31CDE002F6CC6 = {
			isa = PBXGroup;
			children = (
				8169857423A31CDE002F6CC6 /* ChemicalEquationBalancerApp */,
				8169858E23A31CDF002F6CC6 /* ChemicalEquationBalancerAppTests */,
				8169857323A31CDE002F6CC6 /* Products */,
			);
			sourceTree = "<group>";
		};
		8169857323A31CDE002F6CC6 /* Products */ = {
			isa = PBXGroup;
			children = (
				8169857223A31CDE002F6CC6 /* ChemicalEquationBalancerApp.app */,
				8169858B23A31CDF002F6CC6 /* ChemicalEquationBalancerAppTests.xctest */,
			);
			name = Products;
			sourceTree = "<group>";
		};
		8169857423A31CDE002F6CC6 /* ChemicalEquationBalancerApp */ = {
			isa = PBXGroup;
			children = (
				8169857523A31CDE002F6CC6 /* AppDelegate.swift */,
				8169857723A31CDE002F6CC6 /* SceneDelegate.swift */,
				8169857923A31CDE002F6CC6 /* ViewController.swift */,
				81E521E023A9600300661CDC /* FrameExtractor.swift */,
				814F733C23C80DEA00956236 /* Models */,
				81155FCA23A70D9F00B5D7E6 /* HttpNetworking */,
				8169859A23A31E3B002F6CC6 /* Matrix */,
				8169857B23A31CDE002F6CC6 /* Main.storyboard */,
				8169858123A31CDE002F6CC6 /* Assets.xcassets */,
				8169858323A31CDE002F6CC6 /* LaunchScreen.storyboard */,
				8169858623A31CDE002F6CC6 /* Info.plist */,
				8169857E23A31CDE002F6CC6 /* ChemicalEquationBalancerApp.xcdatamodeld */,
			);
			path = ChemicalEquationBalancerApp;
			sourceTree = "<group>";
		};
		8169858E23A31CDF002F6CC6 /* ChemicalEquationBalancerAppTests */ = {
			isa = PBXGroup;
			children = (
				8169858F23A31CDF002F6CC6 /* ChemicalEquationBalancerAppTests.swift */,
				8169859123A31CDF002F6CC6 /* Info.plist */,
			);
			path = ChemicalEquationBalancerAppTests;
			sourceTree = "<group>";
		};
		8169859A23A31E3B002F6CC6 /* Matrix */ = {
			isa = PBXGroup;
			children = (
				81155FC623A70A5E00B5D7E6 /* Matrix.swift */,
				81155FC823A70A6700B5D7E6 /* Vector.swift */,
			);
			path = Matrix;
			sourceTree = "<group>";
		};
/* End PBXGroup section */

/* Begin PBXNativeTarget section */
		8169857123A31CDE002F6CC6 /* ChemicalEquationBalancerApp */ = {
			isa = PBXNativeTarget;
			buildConfigurationList = 8169859423A31CDF002F6CC6 /* Build configuration list for PBXNativeTarget "ChemicalEquationBalancerApp" */;
			buildPhases = (
				8169856E23A31CDE002F6CC6 /* Sources */,
				8169856F23A31CDE002F6CC6 /* Frameworks */,
				8169857023A31CDE002F6CC6 /* Resources */,
			);
			buildRules = (
			);
			dependencies = (
			);
			name = ChemicalEquationBalancerApp;
			productName = ChemicalEquationBalancerApp;
			productReference = 8169857223A31CDE002F6CC6 /* ChemicalEquationBalancerApp.app */;
			productType = "com.apple.product-type.application";
		};
		8169858A23A31CDF002F6CC6 /* ChemicalEquationBalancerAppTests */ = {
			isa = PBXNativeTarget;
			buildConfigurationList = 8169859723A31CDF002F6CC6 /* Build configuration list for PBXNativeTarget "ChemicalEquationBalancerAppTests" */;
			buildPhases = (
				8169858723A31CDF002F6CC6 /* Sources */,
				8169858823A31CDF002F6CC6 /* Frameworks */,
				8169858923A31CDF002F6CC6 /* Resources */,
			);
			buildRules = (
			);
			dependencies = (
				8169858D23A31CDF002F6CC6 /* PBXTargetDependency */,
			);
			name = ChemicalEquationBalancerAppTests;
			productName = ChemicalEquationBalancerAppTests;
			productReference = 8169858B23A31CDF002F6CC6 /* ChemicalEquationBalancerAppTests.xctest */;
			productType = "com.apple.product-type.bundle.unit-test";
		};
/* End PBXNativeTarget section */

/* Begin PBXProject section */
		8169856A23A31CDE002F6CC6 /* Project object */ = {
			isa = PBXProject;
			attributes = {
				LastSwiftUpdateCheck = 1130;
				LastUpgradeCheck = 1130;
				ORGANIZATIONNAME = "Brandon Phan";
				TargetAttributes = {
					8169857123A31CDE002F6CC6 = {
						CreatedOnToolsVersion = 11.3;
					};
					8169858A23A31CDF002F6CC6 = {
						CreatedOnToolsVersion = 11.3;
						TestTargetID = 8169857123A31CDE002F6CC6;
					};
				};
			};
			buildConfigurationList = 8169856D23A31CDE002F6CC6 /* Build configuration list for PBXProject "ChemicalEquationBalancerApp" */;
			compatibilityVersion = "Xcode 9.3";
			developmentRegion = en;
			hasScannedForEncodings = 0;
			knownRegions = (
				en,
				Base,
			);
			mainGroup = 8169856923A31CDE002F6CC6;
			productRefGroup = 8169857323A31CDE002F6CC6 /* Products */;
			projectDirPath = "";
			projectRoot = "";
			targets = (
				8169857123A31CDE002F6CC6 /* ChemicalEquationBalancerApp */,
				8169858A23A31CDF002F6CC6 /* ChemicalEquationBalancerAppTests */,
			);
		};
/* End PBXProject section */

/* Begin PBXResourcesBuildPhase section */
		8169857023A31CDE002F6CC6 /* Resources */ = {
			isa = PBXResourcesBuildPhase;
			buildActionMask = 2147483647;
			files = (
				8169858523A31CDE002F6CC6 /* LaunchScreen.storyboard in Resources */,
				8169858223A31CDE002F6CC6 /* Assets.xcassets in Resources */,
				8169857D23A31CDE002F6CC6 /* Main.storyboard in Resources */,
			);
			runOnlyForDeploymentPostprocessing = 0;
		};
		8169858923A31CDF002F6CC6 /* Resources */ = {
			isa = PBXResourcesBuildPhase;
			buildActionMask = 2147483647;
			files = (
			);
			runOnlyForDeploymentPostprocessing = 0;
		};
/* End PBXResourcesBuildPhase section */

/* Begin PBXSourcesBuildPhase section */
		8169856E23A31CDE002F6CC6 /* Sources */ = {
			isa = PBXSourcesBuildPhase;
			buildActionMask = 2147483647;
			files = (
				81E521D823A8574000661CDC /* NetworkRequest.swift in Sources */,
				81E521E123A9600300661CDC /* FrameExtractor.swift in Sources */,
				81E521DD23A8575F00661CDC /* Resources.swift in Sources */,
				81DD042023C809DF00B7EDBB /* ImageProcessorResponseModels.swift in Sources */,
				8169857A23A31CDE002F6CC6 /* ViewController.swift in Sources */,
				81155FC723A70A5E00B5D7E6 /* Matrix.swift in Sources */,
				8169858023A31CDE002F6CC6 /* ChemicalEquationBalancerApp.xcdatamodeld in Sources */,
				81E521DB23A8575200661CDC /* ImageProcessorRequestModels.swift in Sources */,
				8169857623A31CDE002F6CC6 /* AppDelegate.swift in Sources */,
				81155FC923A70A6700B5D7E6 /* Vector.swift in Sources */,
				81E521DF23A8821D00661CDC /* ApiRequest.swift in Sources */,
				8169857823A31CDE002F6CC6 /* SceneDelegate.swift in Sources */,
			);
			runOnlyForDeploymentPostprocessing = 0;
		};
		8169858723A31CDF002F6CC6 /* Sources */ = {
			isa = PBXSourcesBuildPhase;
			buildActionMask = 2147483647;
			files = (
				8169859023A31CDF002F6CC6 /* ChemicalEquationBalancerAppTests.swift in Sources */,
			);
			runOnlyForDeploymentPostprocessing = 0;
		};
/* End PBXSourcesBuildPhase section */

/* Begin PBXTargetDependency section */
		8169858D23A31CDF002F6CC6 /* PBXTargetDependency */ = {
			isa = PBXTargetDependency;
			target = 8169857123A31CDE002F6CC6 /* ChemicalEquationBalancerApp */;
			targetProxy = 8169858C23A31CDF002F6CC6 /* PBXContainerItemProxy */;
		};
/* End PBXTargetDependency section */

/* Begin PBXVariantGroup section */
		8169857B23A31CDE002F6CC6 /* Main.storyboard */ = {
			isa = PBXVariantGroup;
			children = (
				8169857C23A31CDE002F6CC6 /* Base */,
			);
			name = Main.storyboard;
			sourceTree = "<group>";
		};
		8169858323A31CDE002F6CC6 /* LaunchScreen.storyboard */ = {
			isa = PBXVariantGroup;
			children = (
				8169858423A31CDE002F6CC6 /* Base */,
			);
			name = LaunchScreen.storyboard;
			sourceTree = "<group>";
		};
/* End PBXVariantGroup section */

/* Begin XCBuildConfiguration section */
		8169859223A31CDF002F6CC6 /* Debug */ = {
			isa = XCBuildConfiguration;
			buildSettings = {
				ALWAYS_SEARCH_USER_PATHS = NO;
				CLANG_ANALYZER_NONNULL = YES;
				CLANG_ANALYZER_NUMBER_OBJECT_CONVERSION = YES_AGGRESSIVE;
				CLANG_CXX_LANGUAGE_STANDARD = "gnu++14";
				CLANG_CXX_LIBRARY = "libc++";
				CLANG_ENABLE_MODULES = YES;
				CLANG_ENABLE_OBJC_ARC = YES;
				CLANG_ENABLE_OBJC_WEAK = YES;
				CLANG_WARN_BLOCK_CAPTURE_AUTORELEASING = YES;
				CLANG_WARN_BOOL_CONVERSION = YES;
				CLANG_WARN_COMMA = YES;
				CLANG_WARN_CONSTANT_CONVERSION = YES;
				CLANG_WARN_DEPRECATED_OBJC_IMPLEMENTATIONS = YES;
				CLANG_WARN_DIRECT_OBJC_ISA_USAGE = YES_ERROR;
				CLANG_WARN_DOCUMENTATION_COMMENTS = YES;
				CLANG_WARN_EMPTY_BODY = YES;
				CLANG_WARN_ENUM_CONVERSION = YES;
				CLANG_WARN_INFINITE_RECURSION = YES;
				CLANG_WARN_INT_CONVERSION = YES;
				CLANG_WARN_NON_LITERAL_NULL_CONVERSION = YES;
				CLANG_WARN_OBJC_IMPLICIT_RETAIN_SELF = YES;
				CLANG_WARN_OBJC_LITERAL_CONVERSION = YES;
				CLANG_WARN_OBJC_ROOT_CLASS = YES_ERROR;
				CLANG_WARN_RANGE_LOOP_ANALYSIS = YES;
				CLANG_WARN_STRICT_PROTOTYPES = YES;
				CLANG_WARN_SUSPICIOUS_MOVE = YES;
				CLANG_WARN_UNGUARDED_AVAILABILITY = YES_AGGRESSIVE;
				CLANG_WARN_UNREACHABLE_CODE = YES;
				CLANG_WARN__DUPLICATE_METHOD_MATCH = YES;
				COPY_PHASE_STRIP = NO;
				DEBUG_INFORMATION_FORMAT = dwarf;
				ENABLE_STRICT_OBJC_MSGSEND = YES;
				ENABLE_TESTABILITY = YES;
				GCC_C_LANGUAGE_STANDARD = gnu11;
				GCC_DYNAMIC_NO_PIC = NO;
				GCC_NO_COMMON_BLOCKS = YES;
				GCC_OPTIMIZATION_LEVEL = 0;
				GCC_PREPROCESSOR_DEFINITIONS = (
					"DEBUG=1",
					"$(inherited)",
				);
				GCC_WARN_64_TO_32_BIT_CONVERSION = YES;
				GCC_WARN_ABOUT_RETURN_TYPE = YES_ERROR;
				GCC_WARN_UNDECLARED_SELECTOR = YES;
				GCC_WARN_UNINITIALIZED_AUTOS = YES_AGGRESSIVE;
				GCC_WARN_UNUSED_FUNCTION = YES;
				GCC_WARN_UNUSED_VARIABLE = YES;
				IPHONEOS_DEPLOYMENT_TARGET = 13.2;
				MTL_ENABLE_DEBUG_INFO = INCLUDE_SOURCE;
				MTL_FAST_MATH = YES;
				ONLY_ACTIVE_ARCH = YES;
				SDKROOT = iphoneos;
				SWIFT_ACTIVE_COMPILATION_CONDITIONS = DEBUG;
				SWIFT_OPTIMIZATION_LEVEL = "-Onone";
			};
			name = Debug;
		};
		8169859323A31CDF002F6CC6 /* Release */ = {
			isa = XCBuildConfiguration;
			buildSettings = {
				ALWAYS_SEARCH_USER_PATHS = NO;
				CLANG_ANALYZER_NONNULL = YES;
				CLANG_ANALYZER_NUMBER_OBJECT_CONVERSION = YES_AGGRESSIVE;
				CLANG_CXX_LANGUAGE_STANDARD = "gnu++14";
				CLANG_CXX_LIBRARY = "libc++";
				CLANG_ENABLE_MODULES = YES;
				CLANG_ENABLE_OBJC_ARC = YES;
				CLANG_ENABLE_OBJC_WEAK = YES;
				CLANG_WARN_BLOCK_CAPTURE_AUTORELEASING = YES;
				CLANG_WARN_BOOL_CONVERSION = YES;
				CLANG_WARN_COMMA = YES;
				CLANG_WARN_CONSTANT_CONVERSION = YES;
				CLANG_WARN_DEPRECATED_OBJC_IMPLEMENTATIONS = YES;
				CLANG_WARN_DIRECT_OBJC_ISA_USAGE = YES_ERROR;
				CLANG_WARN_DOCUMENTATION_COMMENTS = YES;
				CLANG_WARN_EMPTY_BODY = YES;
				CLANG_WARN_ENUM_CONVERSION = YES;
				CLANG_WARN_INFINITE_RECURSION = YES;
				CLANG_WARN_INT_CONVERSION = YES;
				CLANG_WARN_NON_LITERAL_NULL_CONVERSION = YES;
				CLANG_WARN_OBJC_IMPLICIT_RETAIN_SELF = YES;
				CLANG_WARN_OBJC_LITERAL_CONVERSION = YES;
				CLANG_WARN_OBJC_ROOT_CLASS = YES_ERROR;
				CLANG_WARN_RANGE_LOOP_ANALYSIS = YES;
				CLANG_WARN_STRICT_PROTOTYPES = YES;
				CLANG_WARN_SUSPICIOUS_MOVE = YES;
				CLANG_WARN_UNGUARDED_AVAILABILITY = YES_AGGRESSIVE;
				CLANG_WARN_UNREACHABLE_CODE = YES;
				CLANG_WARN__DUPLICATE_METHOD_MATCH = YES;
				COPY_PHASE_STRIP = NO;
				DEBUG_INFORMATION_FORMAT = "dwarf-with-dsym";
				ENABLE_NS_ASSERTIONS = NO;
				ENABLE_STRICT_OBJC_MSGSEND = YES;
				GCC_C_LANGUAGE_STANDARD = gnu11;
				GCC_NO_COMMON_BLOCKS = YES;
				GCC_WARN_64_TO_32_BIT_CONVERSION = YES;
				GCC_WARN_ABOUT_RETURN_TYPE = YES_ERROR;
				GCC_WARN_UNDECLARED_SELECTOR = YES;
				GCC_WARN_UNINITIALIZED_AUTOS = YES_AGGRESSIVE;
				GCC_WARN_UNUSED_FUNCTION = YES;
				GCC_WARN_UNUSED_VARIABLE = YES;
				IPHONEOS_DEPLOYMENT_TARGET = 13.2;
				MTL_ENABLE_DEBUG_INFO = NO;
				MTL_FAST_MATH = YES;
				SDKROOT = iphoneos;
				SWIFT_COMPILATION_MODE = wholemodule;
				SWIFT_OPTIMIZATION_LEVEL = "-O";
				VALIDATE_PRODUCT = YES;
			};
			name = Release;
		};
		8169859523A31CDF002F6CC6 /* Debug */ = {
			isa = XCBuildConfiguration;
			buildSettings = {
				ASSETCATALOG_COMPILER_APPICON_NAME = AppIcon;
				CODE_SIGN_STYLE = Automatic;
				DEVELOPMENT_TEAM = 4VGZ98QQBU;
				INFOPLIST_FILE = ChemicalEquationBalancerApp/Info.plist;
				LD_RUNPATH_SEARCH_PATHS = (
					"$(inherited)",
					"@executable_path/Frameworks",
				);
				PRODUCT_BUNDLE_IDENTIFIER = com.brandonphan.ChemicalEquationBalancerApp;
				PRODUCT_NAME = "$(TARGET_NAME)";
				SWIFT_VERSION = 5.0;
				TARGETED_DEVICE_FAMILY = "1,2";
			};
			name = Debug;
		};
		8169859623A31CDF002F6CC6 /* Release */ = {
			isa = XCBuildConfiguration;
			buildSettings = {
				ASSETCATALOG_COMPILER_APPICON_NAME = AppIcon;
				CODE_SIGN_STYLE = Automatic;
				DEVELOPMENT_TEAM = 4VGZ98QQBU;
				INFOPLIST_FILE = ChemicalEquationBalancerApp/Info.plist;
				LD_RUNPATH_SEARCH_PATHS = (
					"$(inherited)",
					"@executable_path/Frameworks",
				);
				PRODUCT_BUNDLE_IDENTIFIER = com.brandonphan.ChemicalEquationBalancerApp;
				PRODUCT_NAME = "$(TARGET_NAME)";
				SWIFT_VERSION = 5.0;
				TARGETED_DEVICE_FAMILY = "1,2";
			};
			name = Release;
		};
		8169859823A31CDF002F6CC6 /* Debug */ = {
			isa = XCBuildConfiguration;
			buildSettings = {
				ALWAYS_EMBED_SWIFT_STANDARD_LIBRARIES = YES;
				BUNDLE_LOADER = "$(TEST_HOST)";
				CODE_SIGN_STYLE = Automatic;
				DEVELOPMENT_TEAM = 4VGZ98QQBU;
				INFOPLIST_FILE = ChemicalEquationBalancerAppTests/Info.plist;
				IPHONEOS_DEPLOYMENT_TARGET = 13.2;
				LD_RUNPATH_SEARCH_PATHS = (
					"$(inherited)",
					"@executable_path/Frameworks",
					"@loader_path/Frameworks",
				);
				PRODUCT_BUNDLE_IDENTIFIER = com.brandonphan.ChemicalEquationBalancerAppTests;
				PRODUCT_NAME = "$(TARGET_NAME)";
				SWIFT_VERSION = 5.0;
				TARGETED_DEVICE_FAMILY = "1,2";
				TEST_HOST = "$(BUILT_PRODUCTS_DIR)/ChemicalEquationBalancerApp.app/ChemicalEquationBalancerApp";
			};
			name = Debug;
		};
		8169859923A31CDF002F6CC6 /* Release */ = {
			isa = XCBuildConfiguration;
			buildSettings = {
				ALWAYS_EMBED_SWIFT_STANDARD_LIBRARIES = YES;
				BUNDLE_LOADER = "$(TEST_HOST)";
				CODE_SIGN_STYLE = Automatic;
				DEVELOPMENT_TEAM = 4VGZ98QQBU;
				INFOPLIST_FILE = ChemicalEquationBalancerAppTests/Info.plist;
				IPHONEOS_DEPLOYMENT_TARGET = 13.2;
				LD_RUNPATH_SEARCH_PATHS = (
					"$(inherited)",
					"@executable_path/Frameworks",
					"@loader_path/Frameworks",
				);
				PRODUCT_BUNDLE_IDENTIFIER = com.brandonphan.ChemicalEquationBalancerAppTests;
				PRODUCT_NAME = "$(TARGET_NAME)";
				SWIFT_VERSION = 5.0;
				TARGETED_DEVICE_FAMILY = "1,2";
				TEST_HOST = "$(BUILT_PRODUCTS_DIR)/ChemicalEquationBalancerApp.app/ChemicalEquationBalancerApp";
			};
			name = Release;
		};
/* End XCBuildConfiguration section */

/* Begin XCConfigurationList section */
		8169856D23A31CDE002F6CC6 /* Build configuration list for PBXProject "ChemicalEquationBalancerApp" */ = {
			isa = XCConfigurationList;
			buildConfigurations = (
				8169859223A31CDF002F6CC6 /* Debug */,
				8169859323A31CDF002F6CC6 /* Release */,
			);
			defaultConfigurationIsVisible = 0;
			defaultConfigurationName = Release;
		};
		8169859423A31CDF002F6CC6 /* Build configuration list for PBXNativeTarget "ChemicalEquationBalancerApp" */ = {
			isa = XCConfigurationList;
			buildConfigurations = (
				8169859523A31CDF002F6CC6 /* Debug */,
				8169859623A31CDF002F6CC6 /* Release */,
			);
			defaultConfigurationIsVisible = 0;
			defaultConfigurationName = Release;
		};
		8169859723A31CDF002F6CC6 /* Build configuration list for PBXNativeTarget "ChemicalEquationBalancerAppTests" */ = {
			isa = XCConfigurationList;
			buildConfigurations = (
				8169859823A31CDF002F6CC6 /* Debug */,
				8169859923A31CDF002F6CC6 /* Release */,
			);
			defaultConfigurationIsVisible = 0;
			defaultConfigurationName = Release;
		};
/* End XCConfigurationList section */

/* Begin XCVersionGroup section */
		8169857E23A31CDE002F6CC6 /* ChemicalEquationBalancerApp.xcdatamodeld */ = {
			isa = XCVersionGroup;
			children = (
				8169857F23A31CDE002F6CC6 /* ChemicalEquationBalancerApp.xcdatamodel */,
			);
			currentVersion = 8169857F23A31CDE002F6CC6 /* ChemicalEquationBalancerApp.xcdatamodel */;
			path = ChemicalEquationBalancerApp.xcdatamodeld;
			sourceTree = "<group>";
			versionGroupType = wrapper.xcdatamodel;
		};
/* End XCVersionGroup section */
	};
	rootObject = 8169856A23A31CDE002F6CC6 /* Project object */;
}
